
Microsoft Visual Studio Solution File, Format Version 12.00
# Visual Studio 15
VisualStudioVersion = 15.0.27428.2015
MinimumVisualStudioVersion = 10.0.40219.1
Project("{8BC9CEB8-8B4A-11D0-8D11-00A0C91BC942}") = "mamat_hw3", "mamat_hw3\mamat_hw3.vcxproj", "{D99E0B18-E03B-4393-A828-4881184D79F6}"
EndProject
Global
	GlobalSection(SolutionConfigurationPlatforms) = preSolution
		Debug|x64 = Debug|x64
		Debug|x86 = Debug|x86
		Release|x64 = Release|x64
		Release|x86 = Release|x86
	EndGlobalSection
	GlobalSection(ProjectConfigurationPlatforms) = postSolution
		{D99E0B18-E03B-4393-A828-4881184D79F6}.Debug|x64.ActiveCfg = Debug|x64
		{D99E0B18-E03B-4393-A828-4881184D79F6}.Debug|x64.Build.0 = Debug|x64
		{D99E0B18-E03B-4393-A828-4881184D79F6}.Debug|x86.ActiveCfg = Debug|Win32
		{D99E0B18-E03B-4393-A828-4881184D79F6}.Debug|x86.Build.0 = Debug|Win32
		{D99E0B18-E03B-4393-A828-4881184D79F6}.Release|x64.ActiveCfg = Release|x64
		{D99E0B18-E03B-4393-A828-4881184D79F6}.Release|x64.Build.0 = Release|x64
		{D99E0B18-E03B-4393-A828-4881184D79F6}.Release|x86.ActiveCfg = Release|Win32
		{D99E0B18-E03B-4393-A828-4881184D79F6}.Release|x86.Build.0 = Release|Win32
	EndGlobalSection
	GlobalSection(SolutionProperties) = preSolution
		HideSolutionNode = FALSE
	EndGlobalSection
	GlobalSection(ExtensibilityGlobals) = postSolution
		SolutionGuid = {F1347053-5239-44D5-8576-C2B1BBC2FA0B}
	EndGlobalSection
EndGlobal
